
Microsoft Visual Studio Solution File, Format Version 12.00
# Visual Studio Version 17
VisualStudioVersion = 17.8.34511.84
MinimumVisualStudioVersion = 10.0.40219.1
Project("{FAE04EC0-301F-11D3-BF4B-00C04F79EFBC}") = "Database First", "Database First.csproj", "{558351A5-26BE-4F7D-B902-16E3B30CD82D}"
EndProject
Global
	GlobalSection(SolutionConfigurationPlatforms) = preSolution
		Debug|Any CPU = Debug|Any CPU
		Release|Any CPU = Release|Any CPU
	EndGlobalSection
	GlobalSection(ProjectConfigurationPlatforms) = postSolution
		{558351A5-26BE-4F7D-B902-16E3B30CD82D}.Debug|Any CPU.ActiveCfg = Debug|Any CPU
		{558351A5-26BE-4F7D-B902-16E3B30CD82D}.Debug|Any CPU.Build.0 = Debug|Any CPU
		{558351A5-26BE-4F7D-B902-16E3B30CD82D}.Release|Any CPU.ActiveCfg = Release|Any CPU
		{558351A5-26BE-4F7D-B902-16E3B30CD82D}.Release|Any CPU.Build.0 = Release|Any CPU
	EndGlobalSection
	GlobalSection(SolutionProperties) = preSolution
		HideSolutionNode = FALSE
	EndGlobalSection
	GlobalSection(ExtensibilityGlobals) = postSolution
		SolutionGuid = {0A899A04-C2CB-4E15-B418-1AEBFCD8C778}
	EndGlobalSection
EndGlobal
